PODS:
  - Alamofire (5.7.1)
  - SwiftLint (0.53.0)
  - SwiftyJSON (5.0.1)

DEPENDENCIES:
  - Alamofire
  - SwiftLint
  - SwiftyJSON

SPEC REPOS:
  trunk:
    - Alamofire
    - SwiftLint
    - SwiftyJSON

SPEC CHECKSUMS:
  Alamofire: 0123a34370cb170936ae79a8df46cc62b2edeb88
  SwiftLint: 5ce4d6a8ff83f1b5fd5ad5dbf30965d35af65e44
  SwiftyJSON: 2f33a42c6fbc52764d96f13368585094bfd8aa5e

PODFILE CHECKSUM: 63b9833ca11e468baa05e7489f866fe531c1f7d1

COCOAPODS: 1.11.3
