// !$*UTF8*$!
{
	archiveVersion = 1;
	classes = {
	};
	objectVersion = 56;
	objects = {

/* Begin PBXBuildFile section */
		250FE26E2B21F74C00AFE993 /* AppDelegate.swift in Sources */ = {isa = PBXBuildFile; fileRef = 250FE26D2B21F74C00AFE993 /* AppDelegate.swift */; };
		250FE2702B21F74C00AFE993 /* SceneDelegate.swift in Sources */ = {isa = PBXBuildFile; fileRef = 250FE26F2B21F74C00AFE993 /* SceneDelegate.swift */; };
		250FE2722B21F74C00AFE993 /* ViewController.swift in Sources */ = {isa = PBXBuildFile; fileRef = 250FE2712B21F74C00AFE993 /* ViewController.swift */; };
		250FE2752B21F74C00AFE993 /* Main.storyboard in Resources */ = {isa = PBXBuildFile; fileRef = 250FE2732B21F74C00AFE993 /* Main.storyboard */; };
		250FE2782B21F74D00AFE993 /* AdopteTest.xcdatamodeld in Sources */ = {isa = PBXBuildFile; fileRef = 250FE2762B21F74D00AFE993 /* AdopteTest.xcdatamodeld */; };
		250FE27A2B21F75100AFE993 /* Assets.xcassets in Resources */ = {isa = PBXBuildFile; fileRef = 250FE2792B21F75100AFE993 /* Assets.xcassets */; };
		250FE27D2B21F75100AFE993 /* LaunchScreen.storyboard in Resources */ = {isa = PBXBuildFile; fileRef = 250FE27B2B21F75100AFE993 /* LaunchScreen.storyboard */; };
		250FE2882B21F75200AFE993 /* AdopteTestTests.swift in Sources */ = {isa = PBXBuildFile; fileRef = 250FE2872B21F75200AFE993 /* AdopteTestTests.swift */; };
		250FE2922B21F75200AFE993 /* AdopteTestUITests.swift in Sources */ = {isa = PBXBuildFile; fileRef = 250FE2912B21F75200AFE993 /* AdopteTestUITests.swift */; };
		250FE2942B21F75200AFE993 /* AdopteTestUITestsLaunchTests.swift in Sources */ = {isa = PBXBuildFile; fileRef = 250FE2932B21F75200AFE993 /* AdopteTestUITestsLaunchTests.swift */; };
		250FE2A52B21F83800AFE993 /* Common.swift in Sources */ = {isa = PBXBuildFile; fileRef = 250FE2A42B21F83800AFE993 /* Common.swift */; };
		250FE2AD2B21FBBD00AFE993 /* Contributor.swift in Sources */ = {isa = PBXBuildFile; fileRef = 250FE2AC2B21FBBD00AFE993 /* Contributor.swift */; };
		250FE2AF2B22013600AFE993 /* ContributorsAPI.swift in Sources */ = {isa = PBXBuildFile; fileRef = 250FE2AE2B22013600AFE993 /* ContributorsAPI.swift */; };
		250FE2B12B22057300AFE993 /* DataError.swift in Sources */ = {isa = PBXBuildFile; fileRef = 250FE2B02B22057300AFE993 /* DataError.swift */; };
		250FE2B32B22081200AFE993 /* ContributorsViewModel.swift in Sources */ = {isa = PBXBuildFile; fileRef = 250FE2B22B22081200AFE993 /* ContributorsViewModel.swift */; };
		250FE2B52B220CF900AFE993 /* CollectionViewCell.swift in Sources */ = {isa = PBXBuildFile; fileRef = 250FE2B42B220CF900AFE993 /* CollectionViewCell.swift */; };
		68AE2125114C71ABAD75ECB3 /* Pods_AdopteTest.framework in Frameworks */ = {isa = PBXBuildFile; fileRef = E2547A51916369901B5E9595 /* Pods_AdopteTest.framework */; };
		6EC2A00467B644DB746E5E29 /* Pods_AdopteTest_AdopteTestUITests.framework in Frameworks */ = {isa = PBXBuildFile; fileRef = E4919108E89BFCF6DF7952D6 /* Pods_AdopteTest_AdopteTestUITests.framework */; };
		82833BADE436DD4D18EB24E1 /* Pods_AdopteTestTests.framework in Frameworks */ = {isa = PBXBuildFile; fileRef = 04E1FD51199B490839608DDF /* Pods_AdopteTestTests.framework */; };
/* End PBXBuildFile section */

/* Begin PBXContainerItemProxy section */
		250FE2842B21F75200AFE993 /* PBXContainerItemProxy */ = {
			isa = PBXContainerItemProxy;
			containerPortal = 250FE2622B21F74C00AFE993 /* Project object */;
			proxyType = 1;
			remoteGlobalIDString = 250FE2692B21F74C00AFE993;
			remoteInfo = AdopteTest;
		};
		250FE28E2B21F75200AFE993 /* PBXContainerItemProxy */ = {
			isa = PBXContainerItemProxy;
			containerPortal = 250FE2622B21F74C00AFE993 /* Project object */;
			proxyType = 1;
			remoteGlobalIDString = 250FE2692B21F74C00AFE993;
			remoteInfo = AdopteTest;
		};
/* End PBXContainerItemProxy section */

/* Begin PBXFileReference section */
		04E1FD51199B490839608DDF /* Pods_AdopteTestTests.framework */ = {isa = PBXFileReference; explicitFileType = wrapper.framework; includeInIndex = 0; path = Pods_AdopteTestTests.framework; sourceTree = BUILT_PRODUCTS_DIR; };
		1368CECAB6A0152F752EF72E /* Pods-AdopteTest.debug.xcconfig */ = {isa = PBXFileReference; includeInIndex = 1; lastKnownFileType = text.xcconfig; name = "Pods-AdopteTest.debug.xcconfig"; path = "Target Support Files/Pods-AdopteTest/Pods-AdopteTest.debug.xcconfig"; sourceTree = "<group>"; };
		1BBADBC7C46098651316B2AB /* Pods-AdopteTestTests.debug.xcconfig */ = {isa = PBXFileReference; includeInIndex = 1; lastKnownFileType = text.xcconfig; name = "Pods-AdopteTestTests.debug.xcconfig"; path = "Target Support Files/Pods-AdopteTestTests/Pods-AdopteTestTests.debug.xcconfig"; sourceTree = "<group>"; };
		250FE26A2B21F74C00AFE993 /* AdopteTest.app */ = {isa = PBXFileReference; explicitFileType = wrapper.application; includeInIndex = 0; path = AdopteTest.app; sourceTree = BUILT_PRODUCTS_DIR; };
		250FE26D2B21F74C00AFE993 /* AppDelegate.swift */ = {isa = PBXFileReference; lastKnownFileType = sourcecode.swift; path = AppDelegate.swift; sourceTree = "<group>"; };
		250FE26F2B21F74C00AFE993 /* SceneDelegate.swift */ = {isa = PBXFileReference; lastKnownFileType = sourcecode.swift; path = SceneDelegate.swift; sourceTree = "<group>"; };
		250FE2712B21F74C00AFE993 /* ViewController.swift */ = {isa = PBXFileReference; lastKnownFileType = sourcecode.swift; path = ViewController.swift; sourceTree = "<group>"; };
		250FE2742B21F74C00AFE993 /* Base */ = {isa = PBXFileReference; lastKnownFileType = file.storyboard; name = Base; path = Base.lproj/Main.storyboard; sourceTree = "<group>"; };
		250FE2772B21F74D00AFE993 /* AdopteTest.xcdatamodel */ = {isa = PBXFileReference; lastKnownFileType = wrapper.xcdatamodel; path = AdopteTest.xcdatamodel; sourceTree = "<group>"; };
		250FE2792B21F75100AFE993 /* Assets.xcassets */ = {isa = PBXFileReference; lastKnownFileType = folder.assetcatalog; path = Assets.xcassets; sourceTree = "<group>"; };
		250FE27C2B21F75100AFE993 /* Base */ = {isa = PBXFileReference; lastKnownFileType = file.storyboard; name = Base; path = Base.lproj/LaunchScreen.storyboard; sourceTree = "<group>"; };
		250FE27E2B21F75100AFE993 /* Info.plist */ = {isa = PBXFileReference; lastKnownFileType = text.plist.xml; path = Info.plist; sourceTree = "<group>"; };
		250FE2832B21F75200AFE993 /* AdopteTestTests.xctest */ = {isa = PBXFileReference; explicitFileType = wrapper.cfbundle; includeInIndex = 0; path = AdopteTestTests.xctest; sourceTree = BUILT_PRODUCTS_DIR; };
		250FE2872B21F75200AFE993 /* AdopteTestTests.swift */ = {isa = PBXFileReference; lastKnownFileType = sourcecode.swift; path = AdopteTestTests.swift; sourceTree = "<group>"; };
		250FE28D2B21F75200AFE993 /* AdopteTestUITests.xctest */ = {isa = PBXFileReference; explicitFileType = wrapper.cfbundle; includeInIndex = 0; path = AdopteTestUITests.xctest; sourceTree = BUILT_PRODUCTS_DIR; };
		250FE2912B21F75200AFE993 /* AdopteTestUITests.swift */ = {isa = PBXFileReference; lastKnownFileType = sourcecode.swift; path = AdopteTestUITests.swift; sourceTree = "<group>"; };
		250FE2932B21F75200AFE993 /* AdopteTestUITestsLaunchTests.swift */ = {isa = PBXFileReference; lastKnownFileType = sourcecode.swift; path = AdopteTestUITestsLaunchTests.swift; sourceTree = "<group>"; };
		250FE2A42B21F83800AFE993 /* Common.swift */ = {isa = PBXFileReference; lastKnownFileType = sourcecode.swift; path = Common.swift; sourceTree = "<group>"; };
		250FE2AC2B21FBBD00AFE993 /* Contributor.swift */ = {isa = PBXFileReference; lastKnownFileType = sourcecode.swift; path = Contributor.swift; sourceTree = "<group>"; };
		250FE2AE2B22013600AFE993 /* ContributorsAPI.swift */ = {isa = PBXFileReference; lastKnownFileType = sourcecode.swift; path = ContributorsAPI.swift; sourceTree = "<group>"; };
		250FE2B02B22057300AFE993 /* DataError.swift */ = {isa = PBXFileReference; lastKnownFileType = sourcecode.swift; path = DataError.swift; sourceTree = "<group>"; };
		250FE2B22B22081200AFE993 /* ContributorsViewModel.swift */ = {isa = PBXFileReference; lastKnownFileType = sourcecode.swift; path = ContributorsViewModel.swift; sourceTree = "<group>"; };
		250FE2B42B220CF900AFE993 /* CollectionViewCell.swift */ = {isa = PBXFileReference; lastKnownFileType = sourcecode.swift; path = CollectionViewCell.swift; sourceTree = "<group>"; };
		4A2AF54E9C0E61DA679477BA /* Pods-AdopteTestTests.release.xcconfig */ = {isa = PBXFileReference; includeInIndex = 1; lastKnownFileType = text.xcconfig; name = "Pods-AdopteTestTests.release.xcconfig"; path = "Target Support Files/Pods-AdopteTestTests/Pods-AdopteTestTests.release.xcconfig"; sourceTree = "<group>"; };
		7362E203A5F343498AC73842 /* Pods-AdopteTest-AdopteTestUITests.release.xcconfig */ = {isa = PBXFileReference; includeInIndex = 1; lastKnownFileType = text.xcconfig; name = "Pods-AdopteTest-AdopteTestUITests.release.xcconfig"; path = "Target Support Files/Pods-AdopteTest-AdopteTestUITests/Pods-AdopteTest-AdopteTestUITests.release.xcconfig"; sourceTree = "<group>"; };
		81769237C61E310C722183B6 /* Pods-AdopteTest-AdopteTestUITests.debug.xcconfig */ = {isa = PBXFileReference; includeInIndex = 1; lastKnownFileType = text.xcconfig; name = "Pods-AdopteTest-AdopteTestUITests.debug.xcconfig"; path = "Target Support Files/Pods-AdopteTest-AdopteTestUITests/Pods-AdopteTest-AdopteTestUITests.debug.xcconfig"; sourceTree = "<group>"; };
		C5B9B8A811541358B51F382F /* Pods-AdopteTest.release.xcconfig */ = {isa = PBXFileReference; includeInIndex = 1; lastKnownFileType = text.xcconfig; name = "Pods-AdopteTest.release.xcconfig"; path = "Target Support Files/Pods-AdopteTest/Pods-AdopteTest.release.xcconfig"; sourceTree = "<group>"; };
		E2547A51916369901B5E9595 /* Pods_AdopteTest.framework */ = {isa = PBXFileReference; explicitFileType = wrapper.framework; includeInIndex = 0; path = Pods_AdopteTest.framework; sourceTree = BUILT_PRODUCTS_DIR; };
		E4919108E89BFCF6DF7952D6 /* Pods_AdopteTest_AdopteTestUITests.framework */ = {isa = PBXFileReference; explicitFileType = wrapper.framework; includeInIndex = 0; path = Pods_AdopteTest_AdopteTestUITests.framework; sourceTree = BUILT_PRODUCTS_DIR; };
/* End PBXFileReference section */

/* Begin PBXFrameworksBuildPhase section */
		250FE2672B21F74C00AFE993 /* Frameworks */ = {
			isa = PBXFrameworksBuildPhase;
			buildActionMask = 2147483647;
			files = (
				68AE2125114C71ABAD75ECB3 /* Pods_AdopteTest.framework in Frameworks */,
			);
			runOnlyForDeploymentPostprocessing = 0;
		};
		250FE2802B21F75200AFE993 /* Frameworks */ = {
			isa = PBXFrameworksBuildPhase;
			buildActionMask = 2147483647;
			files = (
				82833BADE436DD4D18EB24E1 /* Pods_AdopteTestTests.framework in Frameworks */,
			);
			runOnlyForDeploymentPostprocessing = 0;
		};
		250FE28A2B21F75200AFE993 /* Frameworks */ = {
			isa = PBXFrameworksBuildPhase;
			buildActionMask = 2147483647;
			files = (
				6EC2A00467B644DB746E5E29 /* Pods_AdopteTest_AdopteTestUITests.framework in Frameworks */,
			);
			runOnlyForDeploymentPostprocessing = 0;
		};
/* End PBXFrameworksBuildPhase section */

/* Begin PBXGroup section */
		250FE2612B21F74C00AFE993 = {
			isa = PBXGroup;
			children = (
				250FE26C2B21F74C00AFE993 /* AdopteTest */,
				250FE2862B21F75200AFE993 /* AdopteTestTests */,
				250FE2902B21F75200AFE993 /* AdopteTestUITests */,
				250FE26B2B21F74C00AFE993 /* Products */,
				AB544D3478C852F897CC67AE /* Pods */,
				A3E2F48FE3C9AFC429DCDD0E /* Frameworks */,
			);
			sourceTree = "<group>";
		};
		250FE26B2B21F74C00AFE993 /* Products */ = {
			isa = PBXGroup;
			children = (
				250FE26A2B21F74C00AFE993 /* AdopteTest.app */,
				250FE2832B21F75200AFE993 /* AdopteTestTests.xctest */,
				250FE28D2B21F75200AFE993 /* AdopteTestUITests.xctest */,
			);
			name = Products;
			sourceTree = "<group>";
		};
		250FE26C2B21F74C00AFE993 /* AdopteTest */ = {
			isa = PBXGroup;
			children = (
				250FE2A02B21F7CE00AFE993 /* App */,
				250FE26D2B21F74C00AFE993 /* AppDelegate.swift */,
				250FE26F2B21F74C00AFE993 /* SceneDelegate.swift */,
				250FE2792B21F75100AFE993 /* Assets.xcassets */,
				250FE27B2B21F75100AFE993 /* LaunchScreen.storyboard */,
				250FE27E2B21F75100AFE993 /* Info.plist */,
				250FE2762B21F74D00AFE993 /* AdopteTest.xcdatamodeld */,
			);
			path = AdopteTest;
			sourceTree = "<group>";
		};
		250FE2862B21F75200AFE993 /* AdopteTestTests */ = {
			isa = PBXGroup;
			children = (
				250FE2872B21F75200AFE993 /* AdopteTestTests.swift */,
			);
			path = AdopteTestTests;
			sourceTree = "<group>";
		};
		250FE2902B21F75200AFE993 /* AdopteTestUITests */ = {
			isa = PBXGroup;
			children = (
				250FE2912B21F75200AFE993 /* AdopteTestUITests.swift */,
				250FE2932B21F75200AFE993 /* AdopteTestUITestsLaunchTests.swift */,
			);
			path = AdopteTestUITests;
			sourceTree = "<group>";
		};
		250FE2A02B21F7CE00AFE993 /* App */ = {
			isa = PBXGroup;
			children = (
				250FE2A22B21F7EB00AFE993 /* UI Layer */,
				250FE2A12B21F7DF00AFE993 /* Data Layer */,
			);
			path = App;
			sourceTree = "<group>";
		};
		250FE2A12B21F7DF00AFE993 /* Data Layer */ = {
			isa = PBXGroup;
			children = (
				250FE2A72B21F86700AFE993 /* Models */,
				250FE2A62B21F85800AFE993 /* Networking */,
				250FE2A32B21F82400AFE993 /* Shared */,
			);
			path = "Data Layer";
			sourceTree = "<group>";
		};
		250FE2A22B21F7EB00AFE993 /* UI Layer */ = {
			isa = PBXGroup;
			children = (
				250FE2AB2B21F8AD00AFE993 /* View Models */,
				250FE2AA2B21F89A00AFE993 /* Storyboards */,
				250FE2A92B21F89000AFE993 /* Views */,
				250FE2A82B21F87E00AFE993 /* View Controllers */,
			);
			path = "UI Layer";
			sourceTree = "<group>";
		};
		250FE2A32B21F82400AFE993 /* Shared */ = {
			isa = PBXGroup;
			children = (
				250FE2A42B21F83800AFE993 /* Common.swift */,
			);
			path = Shared;
			sourceTree = "<group>";
		};
		250FE2A62B21F85800AFE993 /* Networking */ = {
			isa = PBXGroup;
			children = (
				250FE2AE2B22013600AFE993 /* ContributorsAPI.swift */,
				250FE2B02B22057300AFE993 /* DataError.swift */,
			);
			path = Networking;
			sourceTree = "<group>";
		};
		250FE2A72B21F86700AFE993 /* Models */ = {
			isa = PBXGroup;
			children = (
				250FE2AC2B21FBBD00AFE993 /* Contributor.swift */,
			);
			path = Models;
			sourceTree = "<group>";
		};
		250FE2A82B21F87E00AFE993 /* View Controllers */ = {
			isa = PBXGroup;
			children = (
				250FE2712B21F74C00AFE993 /* ViewController.swift */,
			);
			path = "View Controllers";
			sourceTree = "<group>";
		};
		250FE2A92B21F89000AFE993 /* Views */ = {
			isa = PBXGroup;
			children = (
				250FE2B42B220CF900AFE993 /* CollectionViewCell.swift */,
			);
			path = Views;
			sourceTree = "<group>";
		};
		250FE2AA2B21F89A00AFE993 /* Storyboards */ = {
			isa = PBXGroup;
			children = (
				250FE2732B21F74C00AFE993 /* Main.storyboard */,
			);
			path = Storyboards;
			sourceTree = "<group>";
		};
		250FE2AB2B21F8AD00AFE993 /* View Models */ = {
			isa = PBXGroup;
			children = (
				250FE2B22B22081200AFE993 /* ContributorsViewModel.swift */,
			);
			path = "View Models";
			sourceTree = "<group>";
		};
		A3E2F48FE3C9AFC429DCDD0E /* Frameworks */ = {
			isa = PBXGroup;
			children = (
				E2547A51916369901B5E9595 /* Pods_AdopteTest.framework */,
				E4919108E89BFCF6DF7952D6 /* Pods_AdopteTest_AdopteTestUITests.framework */,
				04E1FD51199B490839608DDF /* Pods_AdopteTestTests.framework */,
			);
			name = Frameworks;
			sourceTree = "<group>";
		};
		AB544D3478C852F897CC67AE /* Pods */ = {
			isa = PBXGroup;
			children = (
				1368CECAB6A0152F752EF72E /* Pods-AdopteTest.debug.xcconfig */,
				C5B9B8A811541358B51F382F /* Pods-AdopteTest.release.xcconfig */,
				81769237C61E310C722183B6 /* Pods-AdopteTest-AdopteTestUITests.debug.xcconfig */,
				7362E203A5F343498AC73842 /* Pods-AdopteTest-AdopteTestUITests.release.xcconfig */,
				1BBADBC7C46098651316B2AB /* Pods-AdopteTestTests.debug.xcconfig */,
				4A2AF54E9C0E61DA679477BA /* Pods-AdopteTestTests.release.xcconfig */,
			);
			path = Pods;
			sourceTree = "<group>";
		};
/* End PBXGroup section */

/* Begin PBXNativeTarget section */
		250FE2692B21F74C00AFE993 /* AdopteTest */ = {
			isa = PBXNativeTarget;
			buildConfigurationList = 250FE2972B21F75200AFE993 /* Build configuration list for PBXNativeTarget "AdopteTest" */;
			buildPhases = (
				9F852D1F7E3095F2DF6EBBF8 /* [CP] Check Pods Manifest.lock */,
				250FE2662B21F74C00AFE993 /* Sources */,
				250FE2672B21F74C00AFE993 /* Frameworks */,
				250FE2682B21F74C00AFE993 /* Resources */,
				FB794F838A224C2DB0F45976 /* [CP] Embed Pods Frameworks */,
			);
			buildRules = (
			);
			dependencies = (
			);
			name = AdopteTest;
			productName = AdopteTest;
			productReference = 250FE26A2B21F74C00AFE993 /* AdopteTest.app */;
			productType = "com.apple.product-type.application";
		};
		250FE2822B21F75200AFE993 /* AdopteTestTests */ = {
			isa = PBXNativeTarget;
			buildConfigurationList = 250FE29A2B21F75200AFE993 /* Build configuration list for PBXNativeTarget "AdopteTestTests" */;
			buildPhases = (
				CFBE75C360A80FE5141852BF /* [CP] Check Pods Manifest.lock */,
				250FE27F2B21F75200AFE993 /* Sources */,
				250FE2802B21F75200AFE993 /* Frameworks */,
				250FE2812B21F75200AFE993 /* Resources */,
			);
			buildRules = (
			);
			dependencies = (
				250FE2852B21F75200AFE993 /* PBXTargetDependency */,
			);
			name = AdopteTestTests;
			productName = AdopteTestTests;
			productReference = 250FE2832B21F75200AFE993 /* AdopteTestTests.xctest */;
			productType = "com.apple.product-type.bundle.unit-test";
		};
		250FE28C2B21F75200AFE993 /* AdopteTestUITests */ = {
			isa = PBXNativeTarget;
			buildConfigurationList = 250FE29D2B21F75200AFE993 /* Build configuration list for PBXNativeTarget "AdopteTestUITests" */;
			buildPhases = (
				DC12175F8512631EBF1A3F79 /* [CP] Check Pods Manifest.lock */,
				250FE2892B21F75200AFE993 /* Sources */,
				250FE28A2B21F75200AFE993 /* Frameworks */,
				250FE28B2B21F75200AFE993 /* Resources */,
				3B1B625A394793A2486284CD /* [CP] Embed Pods Frameworks */,
			);
			buildRules = (
			);
			dependencies = (
				250FE28F2B21F75200AFE993 /* PBXTargetDependency */,
			);
			name = AdopteTestUITests;
			productName = AdopteTestUITests;
			productReference = 250FE28D2B21F75200AFE993 /* AdopteTestUITests.xctest */;
			productType = "com.apple.product-type.bundle.ui-testing";
		};
/* End PBXNativeTarget section */

/* Begin PBXProject section */
		250FE2622B21F74C00AFE993 /* Project object */ = {
			isa = PBXProject;
			attributes = {
				BuildIndependentTargetsInParallel = 1;
				LastSwiftUpdateCheck = 1500;
				LastUpgradeCheck = 1500;
				TargetAttributes = {
					250FE2692B21F74C00AFE993 = {
						CreatedOnToolsVersion = 15.0.1;
					};
					250FE2822B21F75200AFE993 = {
						CreatedOnToolsVersion = 15.0.1;
						TestTargetID = 250FE2692B21F74C00AFE993;
					};
					250FE28C2B21F75200AFE993 = {
						CreatedOnToolsVersion = 15.0.1;
						TestTargetID = 250FE2692B21F74C00AFE993;
					};
				};
			};
			buildConfigurationList = 250FE2652B21F74C00AFE993 /* Build configuration list for PBXProject "AdopteTest" */;
			compatibilityVersion = "Xcode 14.0";
			developmentRegion = en;
			hasScannedForEncodings = 0;
			knownRegions = (
				en,
				Base,
			);
			mainGroup = 250FE2612B21F74C00AFE993;
			productRefGroup = 250FE26B2B21F74C00AFE993 /* Products */;
			projectDirPath = "";
			projectRoot = "";
			targets = (
				250FE2692B21F74C00AFE993 /* AdopteTest */,
				250FE2822B21F75200AFE993 /* AdopteTestTests */,
				250FE28C2B21F75200AFE993 /* AdopteTestUITests */,
			);
		};
/* End PBXProject section */

/* Begin PBXResourcesBuildPhase section */
		250FE2682B21F74C00AFE993 /* Resources */ = {
			isa = PBXResourcesBuildPhase;
			buildActionMask = 2147483647;
			files = (
				250FE27D2B21F75100AFE993 /* LaunchScreen.storyboard in Resources */,
				250FE27A2B21F75100AFE993 /* Assets.xcassets in Resources */,
				250FE2752B21F74C00AFE993 /* Main.storyboard in Resources */,
			);
			runOnlyForDeploymentPostprocessing = 0;
		};
		250FE2812B21F75200AFE993 /* Resources */ = {
			isa = PBXResourcesBuildPhase;
			buildActionMask = 2147483647;
			files = (
			);
			runOnlyForDeploymentPostprocessing = 0;
		};
		250FE28B2B21F75200AFE993 /* Resources */ = {
			isa = PBXResourcesBuildPhase;
			buildActionMask = 2147483647;
			files = (
			);
			runOnlyForDeploymentPostprocessing = 0;
		};
/* End PBXResourcesBuildPhase section */

/* Begin PBXShellScriptBuildPhase section */
		3B1B625A394793A2486284CD /* [CP] Embed Pods Frameworks */ = {
			isa = PBXShellScriptBuildPhase;
			buildActionMask = 2147483647;
			files = (
			);
			inputFileListPaths = (
				"${PODS_ROOT}/Target Support Files/Pods-AdopteTest-AdopteTestUITests/Pods-AdopteTest-AdopteTestUITests-frameworks-${CONFIGURATION}-input-files.xcfilelist",
			);
			name = "[CP] Embed Pods Frameworks";
			outputFileListPaths = (
				"${PODS_ROOT}/Target Support Files/Pods-AdopteTest-AdopteTestUITests/Pods-AdopteTest-AdopteTestUITests-frameworks-${CONFIGURATION}-output-files.xcfilelist",
			);
			runOnlyForDeploymentPostprocessing = 0;
			shellPath = /bin/sh;
			shellScript = "\"${PODS_ROOT}/Target Support Files/Pods-AdopteTest-AdopteTestUITests/Pods-AdopteTest-AdopteTestUITests-frameworks.sh\"\n";
			showEnvVarsInLog = 0;
		};
		9F852D1F7E3095F2DF6EBBF8 /* [CP] Check Pods Manifest.lock */ = {
			isa = PBXShellScriptBuildPhase;
			buildActionMask = 2147483647;
			files = (
			);
			inputFileListPaths = (
			);
			inputPaths = (
				"${PODS_PODFILE_DIR_PATH}/Podfile.lock",
				"${PODS_ROOT}/Manifest.lock",
			);
			name = "[CP] Check Pods Manifest.lock";
			outputFileListPaths = (
			);
			outputPaths = (
				"$(DERIVED_FILE_DIR)/Pods-AdopteTest-checkManifestLockResult.txt",
			);
			runOnlyForDeploymentPostprocessing = 0;
			shellPath = /bin/sh;
			shellScript = "diff \"${PODS_PODFILE_DIR_PATH}/Podfile.lock\" \"${PODS_ROOT}/Manifest.lock\" > /dev/null\nif [ $? != 0 ] ; then\n    # print error to STDERR\n    echo \"error: The sandbox is not in sync with the Podfile.lock. Run 'pod install' or update your CocoaPods installation.\" >&2\n    exit 1\nfi\n# This output is used by Xcode 'outputs' to avoid re-running this script phase.\necho \"SUCCESS\" > \"${SCRIPT_OUTPUT_FILE_0}\"\n";
			showEnvVarsInLog = 0;
		};
		CFBE75C360A80FE5141852BF /* [CP] Check Pods Manifest.lock */ = {
			isa = PBXShellScriptBuildPhase;
			buildActionMask = 2147483647;
			files = (
			);
			inputFileListPaths = (
			);
			inputPaths = (
				"${PODS_PODFILE_DIR_PATH}/Podfile.lock",
				"${PODS_ROOT}/Manifest.lock",
			);
			name = "[CP] Check Pods Manifest.lock";
			outputFileListPaths = (
			);
			outputPaths = (
				"$(DERIVED_FILE_DIR)/Pods-AdopteTestTests-checkManifestLockResult.txt",
			);
			runOnlyForDeploymentPostprocessing = 0;
			shellPath = /bin/sh;
			shellScript = "diff \"${PODS_PODFILE_DIR_PATH}/Podfile.lock\" \"${PODS_ROOT}/Manifest.lock\" > /dev/null\nif [ $? != 0 ] ; then\n    # print error to STDERR\n    echo \"error: The sandbox is not in sync with the Podfile.lock. Run 'pod install' or update your CocoaPods installation.\" >&2\n    exit 1\nfi\n# This output is used by Xcode 'outputs' to avoid re-running this script phase.\necho \"SUCCESS\" > \"${SCRIPT_OUTPUT_FILE_0}\"\n";
			showEnvVarsInLog = 0;
		};
		DC12175F8512631EBF1A3F79 /* [CP] Check Pods Manifest.lock */ = {
			isa = PBXShellScriptBuildPhase;
			buildActionMask = 2147483647;
			files = (
			);
			inputFileListPaths = (
			);
			inputPaths = (
				"${PODS_PODFILE_DIR_PATH}/Podfile.lock",
				"${PODS_ROOT}/Manifest.lock",
			);
			name = "[CP] Check Pods Manifest.lock";
			outputFileListPaths = (
			);
			outputPaths = (
				"$(DERIVED_FILE_DIR)/Pods-AdopteTest-AdopteTestUITests-checkManifestLockResult.txt",
			);
			runOnlyForDeploymentPostprocessing = 0;
			shellPath = /bin/sh;
			shellScript = "diff \"${PODS_PODFILE_DIR_PATH}/Podfile.lock\" \"${PODS_ROOT}/Manifest.lock\" > /dev/null\nif [ $? != 0 ] ; then\n    # print error to STDERR\n    echo \"error: The sandbox is not in sync with the Podfile.lock. Run 'pod install' or update your CocoaPods installation.\" >&2\n    exit 1\nfi\n# This output is used by Xcode 'outputs' to avoid re-running this script phase.\necho \"SUCCESS\" > \"${SCRIPT_OUTPUT_FILE_0}\"\n";
			showEnvVarsInLog = 0;
		};
		FB794F838A224C2DB0F45976 /* [CP] Embed Pods Frameworks */ = {
			isa = PBXShellScriptBuildPhase;
			buildActionMask = 2147483647;
			files = (
			);
			inputFileListPaths = (
				"${PODS_ROOT}/Target Support Files/Pods-AdopteTest/Pods-AdopteTest-frameworks-${CONFIGURATION}-input-files.xcfilelist",
			);
			name = "[CP] Embed Pods Frameworks";
			outputFileListPaths = (
				"${PODS_ROOT}/Target Support Files/Pods-AdopteTest/Pods-AdopteTest-frameworks-${CONFIGURATION}-output-files.xcfilelist",
			);
			runOnlyForDeploymentPostprocessing = 0;
			shellPath = /bin/sh;
			shellScript = "\"${PODS_ROOT}/Target Support Files/Pods-AdopteTest/Pods-AdopteTest-frameworks.sh\"\n";
			showEnvVarsInLog = 0;
		};
/* End PBXShellScriptBuildPhase section */

/* Begin PBXSourcesBuildPhase section */
		250FE2662B21F74C00AFE993 /* Sources */ = {
			isa = PBXSourcesBuildPhase;
			buildActionMask = 2147483647;
			files = (
				250FE2B52B220CF900AFE993 /* CollectionViewCell.swift in Sources */,
				250FE2782B21F74D00AFE993 /* AdopteTest.xcdatamodeld in Sources */,
				250FE2AD2B21FBBD00AFE993 /* Contributor.swift in Sources */,
				250FE2722B21F74C00AFE993 /* ViewController.swift in Sources */,
				250FE2AF2B22013600AFE993 /* ContributorsAPI.swift in Sources */,
				250FE26E2B21F74C00AFE993 /* AppDelegate.swift in Sources */,
				250FE2A52B21F83800AFE993 /* Common.swift in Sources */,
				250FE2B12B22057300AFE993 /* DataError.swift in Sources */,
				250FE2B32B22081200AFE993 /* ContributorsViewModel.swift in Sources */,
				250FE2702B21F74C00AFE993 /* SceneDelegate.swift in Sources */,
			);
			runOnlyForDeploymentPostprocessing = 0;
		};
		250FE27F2B21F75200AFE993 /* Sources */ = {
			isa = PBXSourcesBuildPhase;
			buildActionMask = 2147483647;
			files = (
				250FE2882B21F75200AFE993 /* AdopteTestTests.swift in Sources */,
			);
			runOnlyForDeploymentPostprocessing = 0;
		};
		250FE2892B21F75200AFE993 /* Sources */ = {
			isa = PBXSourcesBuildPhase;
			buildActionMask = 2147483647;
			files = (
				250FE2922B21F75200AFE993 /* AdopteTestUITests.swift in Sources */,
				250FE2942B21F75200AFE993 /* AdopteTestUITestsLaunchTests.swift in Sources */,
			);
			runOnlyForDeploymentPostprocessing = 0;
		};
/* End PBXSourcesBuildPhase section */

/* Begin PBXTargetDependency section */
		250FE2852B21F75200AFE993 /* PBXTargetDependency */ = {
			isa = PBXTargetDependency;
			target = 250FE2692B21F74C00AFE993 /* AdopteTest */;
			targetProxy = 250FE2842B21F75200AFE993 /* PBXContainerItemProxy */;
		};
		250FE28F2B21F75200AFE993 /* PBXTargetDependency */ = {
			isa = PBXTargetDependency;
			target = 250FE2692B21F74C00AFE993 /* AdopteTest */;
			targetProxy = 250FE28E2B21F75200AFE993 /* PBXContainerItemProxy */;
		};
/* End PBXTargetDependency section */

/* Begin PBXVariantGroup section */
		250FE2732B21F74C00AFE993 /* Main.storyboard */ = {
			isa = PBXVariantGroup;
			children = (
				250FE2742B21F74C00AFE993 /* Base */,
			);
			name = Main.storyboard;
			sourceTree = "<group>";
		};
		250FE27B2B21F75100AFE993 /* LaunchScreen.storyboard */ = {
			isa = PBXVariantGroup;
			children = (
				250FE27C2B21F75100AFE993 /* Base */,
			);
			name = LaunchScreen.storyboard;
			sourceTree = "<group>";
		};
/* End PBXVariantGroup section */

/* Begin XCBuildConfiguration section */
		250FE2952B21F75200AFE993 /* Debug */ = {
			isa = XCBuildConfiguration;
			buildSettings = {
				ALWAYS_SEARCH_USER_PATHS = NO;
				ASSETCATALOG_COMPILER_GENERATE_SWIFT_ASSET_SYMBOL_EXTENSIONS = YES;
				CLANG_ANALYZER_NONNULL = YES;
				CLANG_ANALYZER_NUMBER_OBJECT_CONVERSION = YES_AGGRESSIVE;
				CLANG_CXX_LANGUAGE_STANDARD = "gnu++20";
				CLANG_ENABLE_MODULES = YES;
				CLANG_ENABLE_OBJC_ARC = YES;
				CLANG_ENABLE_OBJC_WEAK = YES;
				CLANG_WARN_BLOCK_CAPTURE_AUTORELEASING = YES;
				CLANG_WARN_BOOL_CONVERSION = YES;
				CLANG_WARN_COMMA = YES;
				CLANG_WARN_CONSTANT_CONVERSION = YES;
				CLANG_WARN_DEPRECATED_OBJC_IMPLEMENTATIONS = YES;
				CLANG_WARN_DIRECT_OBJC_ISA_USAGE = YES_ERROR;
				CLANG_WARN_DOCUMENTATION_COMMENTS = YES;
				CLANG_WARN_EMPTY_BODY = YES;
				CLANG_WARN_ENUM_CONVERSION = YES;
				CLANG_WARN_INFINITE_RECURSION = YES;
				CLANG_WARN_INT_CONVERSION = YES;
				CLANG_WARN_NON_LITERAL_NULL_CONVERSION = YES;
				CLANG_WARN_OBJC_IMPLICIT_RETAIN_SELF = YES;
				CLANG_WARN_OBJC_LITERAL_CONVERSION = YES;
				CLANG_WARN_OBJC_ROOT_CLASS = YES_ERROR;
				CLANG_WARN_QUOTED_INCLUDE_IN_FRAMEWORK_HEADER = YES;
				CLANG_WARN_RANGE_LOOP_ANALYSIS = YES;
				CLANG_WARN_STRICT_PROTOTYPES = YES;
				CLANG_WARN_SUSPICIOUS_MOVE = YES;
				CLANG_WARN_UNGUARDED_AVAILABILITY = YES_AGGRESSIVE;
				CLANG_WARN_UNREACHABLE_CODE = YES;
				CLANG_WARN__DUPLICATE_METHOD_MATCH = YES;
				COPY_PHASE_STRIP = NO;
				DEBUG_INFORMATION_FORMAT = dwarf;
				ENABLE_STRICT_OBJC_MSGSEND = YES;
				ENABLE_TESTABILITY = YES;
				ENABLE_USER_SCRIPT_SANDBOXING = YES;
				GCC_C_LANGUAGE_STANDARD = gnu17;
				GCC_DYNAMIC_NO_PIC = NO;
				GCC_NO_COMMON_BLOCKS = YES;
				GCC_OPTIMIZATION_LEVEL = 0;
				GCC_PREPROCESSOR_DEFINITIONS = (
					"DEBUG=1",
					"$(inherited)",
				);
				GCC_WARN_64_TO_32_BIT_CONVERSION = YES;
				GCC_WARN_ABOUT_RETURN_TYPE = YES_ERROR;
				GCC_WARN_UNDECLARED_SELECTOR = YES;
				GCC_WARN_UNINITIALIZED_AUTOS = YES_AGGRESSIVE;
				GCC_WARN_UNUSED_FUNCTION = YES;
				GCC_WARN_UNUSED_VARIABLE = YES;
				IPHONEOS_DEPLOYMENT_TARGET = 17.0;
				LOCALIZATION_PREFERS_STRING_CATALOGS = YES;
				MTL_ENABLE_DEBUG_INFO = INCLUDE_SOURCE;
				MTL_FAST_MATH = YES;
				ONLY_ACTIVE_ARCH = YES;
				SDKROOT = iphoneos;
				SWIFT_ACTIVE_COMPILATION_CONDITIONS = "DEBUG $(inherited)";
				SWIFT_OPTIMIZATION_LEVEL = "-Onone";
			};
			name = Debug;
		};
		250FE2962B21F75200AFE993 /* Release */ = {
			isa = XCBuildConfiguration;
			buildSettings = {
				ALWAYS_SEARCH_USER_PATHS = NO;
				ASSETCATALOG_COMPILER_GENERATE_SWIFT_ASSET_SYMBOL_EXTENSIONS = YES;
				CLANG_ANALYZER_NONNULL = YES;
				CLANG_ANALYZER_NUMBER_OBJECT_CONVERSION = YES_AGGRESSIVE;
				CLANG_CXX_LANGUAGE_STANDARD = "gnu++20";
				CLANG_ENABLE_MODULES = YES;
				CLANG_ENABLE_OBJC_ARC = YES;
				CLANG_ENABLE_OBJC_WEAK = YES;
				CLANG_WARN_BLOCK_CAPTURE_AUTORELEASING = YES;
				CLANG_WARN_BOOL_CONVERSION = YES;
				CLANG_WARN_COMMA = YES;
				CLANG_WARN_CONSTANT_CONVERSION = YES;
				CLANG_WARN_DEPRECATED_OBJC_IMPLEMENTATIONS = YES;
				CLANG_WARN_DIRECT_OBJC_ISA_USAGE = YES_ERROR;
				CLANG_WARN_DOCUMENTATION_COMMENTS = YES;
				CLANG_WARN_EMPTY_BODY = YES;
				CLANG_WARN_ENUM_CONVERSION = YES;
				CLANG_WARN_INFINITE_RECURSION = YES;
				CLANG_WARN_INT_CONVERSION = YES;
				CLANG_WARN_NON_LITERAL_NULL_CONVERSION = YES;
				CLANG_WARN_OBJC_IMPLICIT_RETAIN_SELF = YES;
				CLANG_WARN_OBJC_LITERAL_CONVERSION = YES;
				CLANG_WARN_OBJC_ROOT_CLASS = YES_ERROR;
				CLANG_WARN_QUOTED_INCLUDE_IN_FRAMEWORK_HEADER = YES;
				CLANG_WARN_RANGE_LOOP_ANALYSIS = YES;
				CLANG_WARN_STRICT_PROTOTYPES = YES;
				CLANG_WARN_SUSPICIOUS_MOVE = YES;
				CLANG_WARN_UNGUARDED_AVAILABILITY = YES_AGGRESSIVE;
				CLANG_WARN_UNREACHABLE_CODE = YES;
				CLANG_WARN__DUPLICATE_METHOD_MATCH = YES;
				COPY_PHASE_STRIP = NO;
				DEBUG_INFORMATION_FORMAT = "dwarf-with-dsym";
				ENABLE_NS_ASSERTIONS = NO;
				ENABLE_STRICT_OBJC_MSGSEND = YES;
				ENABLE_USER_SCRIPT_SANDBOXING = YES;
				GCC_C_LANGUAGE_STANDARD = gnu17;
				GCC_NO_COMMON_BLOCKS = YES;
				GCC_WARN_64_TO_32_BIT_CONVERSION = YES;
				GCC_WARN_ABOUT_RETURN_TYPE = YES_ERROR;
				GCC_WARN_UNDECLARED_SELECTOR = YES;
				GCC_WARN_UNINITIALIZED_AUTOS = YES_AGGRESSIVE;
				GCC_WARN_UNUSED_FUNCTION = YES;
				GCC_WARN_UNUSED_VARIABLE = YES;
				IPHONEOS_DEPLOYMENT_TARGET = 17.0;
				LOCALIZATION_PREFERS_STRING_CATALOGS = YES;
				MTL_ENABLE_DEBUG_INFO = NO;
				MTL_FAST_MATH = YES;
				SDKROOT = iphoneos;
				SWIFT_COMPILATION_MODE = wholemodule;
				VALIDATE_PRODUCT = YES;
			};
			name = Release;
		};
		250FE2982B21F75200AFE993 /* Debug */ = {
			isa = XCBuildConfiguration;
			baseConfigurationReference = 1368CECAB6A0152F752EF72E /* Pods-AdopteTest.debug.xcconfig */;
			buildSettings = {
				ASSETCATALOG_COMPILER_APPICON_NAME = AppIcon;
				ASSETCATALOG_COMPILER_GLOBAL_ACCENT_COLOR_NAME = AccentColor;
				CODE_SIGN_STYLE = Automatic;
				CURRENT_PROJECT_VERSION = 1;
				DEVELOPMENT_TEAM = L9ABR6QCK4;
				ENABLE_USER_SCRIPT_SANDBOXING = NO;
				GENERATE_INFOPLIST_FILE = YES;
				INFOPLIST_FILE = AdopteTest/Info.plist;
				INFOPLIST_KEY_UIApplicationSupportsIndirectInputEvents = YES;
				INFOPLIST_KEY_UILaunchStoryboardName = LaunchScreen;
				INFOPLIST_KEY_UIMainStoryboardFile = Main;
				INFOPLIST_KEY_UISupportedInterfaceOrientations_iPad = "UIInterfaceOrientationPortrait UIInterfaceOrientationPortraitUpsideDown UIInterfaceOrientationLandscapeLeft UIInterfaceOrientationLandscapeRight";
				INFOPLIST_KEY_UISupportedInterfaceOrientations_iPhone = "UIInterfaceOrientationPortrait UIInterfaceOrientationLandscapeLeft UIInterfaceOrientationLandscapeRight";
				LD_RUNPATH_SEARCH_PATHS = (
					"$(inherited)",
					"@executable_path/Frameworks",
				);
				MARKETING_VERSION = 1.0;
				PRODUCT_BUNDLE_IDENTIFIER = com.test.AdopteTest;
				PRODUCT_NAME = "$(TARGET_NAME)";
				SWIFT_EMIT_LOC_STRINGS = YES;
				SWIFT_VERSION = 5.0;
				TARGETED_DEVICE_FAMILY = "1,2";
			};
			name = Debug;
		};
		250FE2992B21F75200AFE993 /* Release */ = {
			isa = XCBuildConfiguration;
			baseConfigurationReference = C5B9B8A811541358B51F382F /* Pods-AdopteTest.release.xcconfig */;
			buildSettings = {
				ASSETCATALOG_COMPILER_APPICON_NAME = AppIcon;
				ASSETCATALOG_COMPILER_GLOBAL_ACCENT_COLOR_NAME = AccentColor;
				CODE_SIGN_STYLE = Automatic;
				CURRENT_PROJECT_VERSION = 1;
				DEVELOPMENT_TEAM = L9ABR6QCK4;
				ENABLE_USER_SCRIPT_SANDBOXING = NO;
				GENERATE_INFOPLIST_FILE = YES;
				INFOPLIST_FILE = AdopteTest/Info.plist;
				INFOPLIST_KEY_UIApplicationSupportsIndirectInputEvents = YES;
				INFOPLIST_KEY_UILaunchStoryboardName = LaunchScreen;
				INFOPLIST_KEY_UIMainStoryboardFile = Main;
				INFOPLIST_KEY_UISupportedInterfaceOrientations_iPad = "UIInterfaceOrientationPortrait UIInterfaceOrientationPortraitUpsideDown UIInterfaceOrientationLandscapeLeft UIInterfaceOrientationLandscapeRight";
				INFOPLIST_KEY_UISupportedInterfaceOrientations_iPhone = "UIInterfaceOrientationPortrait UIInterfaceOrientationLandscapeLeft UIInterfaceOrientationLandscapeRight";
				LD_RUNPATH_SEARCH_PATHS = (
					"$(inherited)",
					"@executable_path/Frameworks",
				);
				MARKETING_VERSION = 1.0;
				PRODUCT_BUNDLE_IDENTIFIER = com.test.AdopteTest;
				PRODUCT_NAME = "$(TARGET_NAME)";
				SWIFT_EMIT_LOC_STRINGS = YES;
				SWIFT_VERSION = 5.0;
				TARGETED_DEVICE_FAMILY = "1,2";
			};
			name = Release;
		};
		250FE29B2B21F75200AFE993 /* Debug */ = {
			isa = XCBuildConfiguration;
			baseConfigurationReference = 1BBADBC7C46098651316B2AB /* Pods-AdopteTestTests.debug.xcconfig */;
			buildSettings = {
				ALWAYS_EMBED_SWIFT_STANDARD_LIBRARIES = YES;
				BUNDLE_LOADER = "$(TEST_HOST)";
				CODE_SIGN_STYLE = Automatic;
				CURRENT_PROJECT_VERSION = 1;
				DEVELOPMENT_TEAM = L9ABR6QCK4;
				GENERATE_INFOPLIST_FILE = YES;
				IPHONEOS_DEPLOYMENT_TARGET = 17.0;
				MARKETING_VERSION = 1.0;
				PRODUCT_BUNDLE_IDENTIFIER = com.test.AdopteTestTests;
				PRODUCT_NAME = "$(TARGET_NAME)";
				SWIFT_EMIT_LOC_STRINGS = NO;
				SWIFT_VERSION = 5.0;
				TARGETED_DEVICE_FAMILY = "1,2";
				TEST_HOST = "$(BUILT_PRODUCTS_DIR)/AdopteTest.app/$(BUNDLE_EXECUTABLE_FOLDER_PATH)/AdopteTest";
			};
			name = Debug;
		};
		250FE29C2B21F75200AFE993 /* Release */ = {
			isa = XCBuildConfiguration;
			baseConfigurationReference = 4A2AF54E9C0E61DA679477BA /* Pods-AdopteTestTests.release.xcconfig */;
			buildSettings = {
				ALWAYS_EMBED_SWIFT_STANDARD_LIBRARIES = YES;
				BUNDLE_LOADER = "$(TEST_HOST)";
				CODE_SIGN_STYLE = Automatic;
				CURRENT_PROJECT_VERSION = 1;
				DEVELOPMENT_TEAM = L9ABR6QCK4;
				GENERATE_INFOPLIST_FILE = YES;
				IPHONEOS_DEPLOYMENT_TARGET = 17.0;
				MARKETING_VERSION = 1.0;
				PRODUCT_BUNDLE_IDENTIFIER = com.test.AdopteTestTests;
				PRODUCT_NAME = "$(TARGET_NAME)";
				SWIFT_EMIT_LOC_STRINGS = NO;
				SWIFT_VERSION = 5.0;
				TARGETED_DEVICE_FAMILY = "1,2";
				TEST_HOST = "$(BUILT_PRODUCTS_DIR)/AdopteTest.app/$(BUNDLE_EXECUTABLE_FOLDER_PATH)/AdopteTest";
			};
			name = Release;
		};
		250FE29E2B21F75200AFE993 /* Debug */ = {
			isa = XCBuildConfiguration;
			baseConfigurationReference = 81769237C61E310C722183B6 /* Pods-AdopteTest-AdopteTestUITests.debug.xcconfig */;
			buildSettings = {
				ALWAYS_EMBED_SWIFT_STANDARD_LIBRARIES = YES;
				CODE_SIGN_STYLE = Automatic;
				CURRENT_PROJECT_VERSION = 1;
				DEVELOPMENT_TEAM = L9ABR6QCK4;
				GENERATE_INFOPLIST_FILE = YES;
				MARKETING_VERSION = 1.0;
				PRODUCT_BUNDLE_IDENTIFIER = com.test.AdopteTestUITests;
				PRODUCT_NAME = "$(TARGET_NAME)";
				SWIFT_EMIT_LOC_STRINGS = NO;
				SWIFT_VERSION = 5.0;
				TARGETED_DEVICE_FAMILY = "1,2";
				TEST_TARGET_NAME = AdopteTest;
			};
			name = Debug;
		};
		250FE29F2B21F75200AFE993 /* Release */ = {
			isa = XCBuildConfiguration;
			baseConfigurationReference = 7362E203A5F343498AC73842 /* Pods-AdopteTest-AdopteTestUITests.release.xcconfig */;
			buildSettings = {
				ALWAYS_EMBED_SWIFT_STANDARD_LIBRARIES = YES;
				CODE_SIGN_STYLE = Automatic;
				CURRENT_PROJECT_VERSION = 1;
				DEVELOPMENT_TEAM = L9ABR6QCK4;
				GENERATE_INFOPLIST_FILE = YES;
				MARKETING_VERSION = 1.0;
				PRODUCT_BUNDLE_IDENTIFIER = com.test.AdopteTestUITests;
				PRODUCT_NAME = "$(TARGET_NAME)";
				SWIFT_EMIT_LOC_STRINGS = NO;
				SWIFT_VERSION = 5.0;
				TARGETED_DEVICE_FAMILY = "1,2";
				TEST_TARGET_NAME = AdopteTest;
			};
			name = Release;
		};
/* End XCBuildConfiguration section */

/* Begin XCConfigurationList section */
		250FE2652B21F74C00AFE993 /* Build configuration list for PBXProject "AdopteTest" */ = {
			isa = XCConfigurationList;
			buildConfigurations = (
				250FE2952B21F75200AFE993 /* Debug */,
				250FE2962B21F75200AFE993 /* Release */,
			);
			defaultConfigurationIsVisible = 0;
			defaultConfigurationName = Release;
		};
		250FE2972B21F75200AFE993 /* Build configuration list for PBXNativeTarget "AdopteTest" */ = {
			isa = XCConfigurationList;
			buildConfigurations = (
				250FE2982B21F75200AFE993 /* Debug */,
				250FE2992B21F75200AFE993 /* Release */,
			);
			defaultConfigurationIsVisible = 0;
			defaultConfigurationName = Release;
		};
		250FE29A2B21F75200AFE993 /* Build configuration list for PBXNativeTarget "AdopteTestTests" */ = {
			isa = XCConfigurationList;
			buildConfigurations = (
				250FE29B2B21F75200AFE993 /* Debug */,
				250FE29C2B21F75200AFE993 /* Release */,
			);
			defaultConfigurationIsVisible = 0;
			defaultConfigurationName = Release;
		};
		250FE29D2B21F75200AFE993 /* Build configuration list for PBXNativeTarget "AdopteTestUITests" */ = {
			isa = XCConfigurationList;
			buildConfigurations = (
				250FE29E2B21F75200AFE993 /* Debug */,
				250FE29F2B21F75200AFE993 /* Release */,
			);
			defaultConfigurationIsVisible = 0;
			defaultConfigurationName = Release;
		};
/* End XCConfigurationList section */

/* Begin XCVersionGroup section */
		250FE2762B21F74D00AFE993 /* AdopteTest.xcdatamodeld */ = {
			isa = XCVersionGroup;
			children = (
				250FE2772B21F74D00AFE993 /* AdopteTest.xcdatamodel */,
			);
			currentVersion = 250FE2772B21F74D00AFE993 /* AdopteTest.xcdatamodel */;
			path = AdopteTest.xcdatamodeld;
			sourceTree = "<group>";
			versionGroupType = wrapper.xcdatamodel;
		};
/* End XCVersionGroup section */
	};
	rootObject = 250FE2622B21F74C00AFE993 /* Project object */;
}
